
Microsoft Visual Studio Solution File, Format Version 12.00
# Visual Studio Version 17
VisualStudioVersion = 17.10.34928.147
MinimumVisualStudioVersion = 10.0.40219.1
Project("{FAE04EC0-301F-11D3-BF4B-00C04F79EFBC}") = "PaymentPlataform", "PaymentPlataform\PaymentPlataform.csproj", "{070C15D3-6E90-46F6-B621-8A7481128DA2}"
EndProject
Global
	GlobalSection(SolutionConfigurationPlatforms) = preSolution
		Debug|Any CPU = Debug|Any CPU
		Release|Any CPU = Release|Any CPU
	EndGlobalSection
	GlobalSection(ProjectConfigurationPlatforms) = postSolution
		{070C15D3-6E90-46F6-B621-8A7481128DA2}.Debug|Any CPU.ActiveCfg = Debug|Any CPU
		{070C15D3-6E90-46F6-B621-8A7481128DA2}.Debug|Any CPU.Build.0 = Debug|Any CPU
		{070C15D3-6E90-46F6-B621-8A7481128DA2}.Release|Any CPU.ActiveCfg = Release|Any CPU
		{070C15D3-6E90-46F6-B621-8A7481128DA2}.Release|Any CPU.Build.0 = Release|Any CPU
	EndGlobalSection
	GlobalSection(SolutionProperties) = preSolution
		HideSolutionNode = FALSE
	EndGlobalSection
	GlobalSection(ExtensibilityGlobals) = postSolution
		SolutionGuid = {94B26910-8CFA-4104-B90F-2ED9A0EE6411}
	EndGlobalSection
EndGlobal
